
Microsoft Visual Studio Solution File, Format Version 12.00
# Visual Studio Version 16
VisualStudioVersion = 16.0.31205.134
MinimumVisualStudioVersion = 10.0.40219.1
Project("{9A19103F-16F7-4668-BE54-9A1E7A4F7556}") = "PeerMeeting.Host", "src\PeerMeeting.Host\PeerMeeting.Host.csproj", "{AC3CAC08-7873-4304-936A-C89A6D74D13D}"
EndProject
Project("{2150E333-8FDC-42A3-9474-1A3956D46DE8}") = "src", "src", "{B564EF2C-4CA8-4A6B-832A-BB1E048FD016}"
EndProject
Project("{FAE04EC0-301F-11D3-BF4B-00C04F79EFBC}") = "PeerMeeting.Domain", "src\PeerMeeting.Domain\PeerMeeting.Domain.csproj", "{275CDD70-A647-48F3-B915-AF3A8616E973}"
EndProject
Global
	GlobalSection(SolutionConfigurationPlatforms) = preSolution
		Debug|Any CPU = Debug|Any CPU
		Release|Any CPU = Release|Any CPU
	EndGlobalSection
	GlobalSection(ProjectConfigurationPlatforms) = postSolution
		{AC3CAC08-7873-4304-936A-C89A6D74D13D}.Debug|Any CPU.ActiveCfg = Debug|Any CPU
		{AC3CAC08-7873-4304-936A-C89A6D74D13D}.Debug|Any CPU.Build.0 = Debug|Any CPU
		{AC3CAC08-7873-4304-936A-C89A6D74D13D}.Release|Any CPU.ActiveCfg = Release|Any CPU
		{AC3CAC08-7873-4304-936A-C89A6D74D13D}.Release|Any CPU.Build.0 = Release|Any CPU
		{275CDD70-A647-48F3-B915-AF3A8616E973}.Debug|Any CPU.ActiveCfg = Debug|Any CPU
		{275CDD70-A647-48F3-B915-AF3A8616E973}.Debug|Any CPU.Build.0 = Debug|Any CPU
		{275CDD70-A647-48F3-B915-AF3A8616E973}.Release|Any CPU.ActiveCfg = Release|Any CPU
		{275CDD70-A647-48F3-B915-AF3A8616E973}.Release|Any CPU.Build.0 = Release|Any CPU
	EndGlobalSection
	GlobalSection(SolutionProperties) = preSolution
		HideSolutionNode = FALSE
	EndGlobalSection
	GlobalSection(NestedProjects) = preSolution
		{AC3CAC08-7873-4304-936A-C89A6D74D13D} = {B564EF2C-4CA8-4A6B-832A-BB1E048FD016}
		{275CDD70-A647-48F3-B915-AF3A8616E973} = {B564EF2C-4CA8-4A6B-832A-BB1E048FD016}
	EndGlobalSection
	GlobalSection(ExtensibilityGlobals) = postSolution
		SolutionGuid = {4583051D-A9CF-4960-ADDB-E3D97CDE43CC}
	EndGlobalSection
EndGlobal
